
Microsoft Visual Studio Solution File, Format Version 12.00
# Visual Studio Version 16
VisualStudioVersion = 16.0.30523.141
MinimumVisualStudioVersion = 10.0.40219.1
Project("{F184B08F-C81C-45F6-A57F-5ABD9991F28F}") = "Formularios", "Formularios\Formularios.vbproj", "{CD8E53D2-B177-494B-AE08-1CEEF98E43D7}"
EndProject
Project("{F184B08F-C81C-45F6-A57F-5ABD9991F28F}") = "Classes", "Classes\Classes.vbproj", "{82ACFA99-05B6-4721-AB82-D7C8480B8944}"
EndProject
Global
	GlobalSection(SolutionConfigurationPlatforms) = preSolution
		Debug|Any CPU = Debug|Any CPU
		Release|Any CPU = Release|Any CPU
	EndGlobalSection
	GlobalSection(ProjectConfigurationPlatforms) = postSolution
		{CD8E53D2-B177-494B-AE08-1CEEF98E43D7}.Debug|Any CPU.ActiveCfg = Debug|Any CPU
		{CD8E53D2-B177-494B-AE08-1CEEF98E43D7}.Debug|Any CPU.Build.0 = Debug|Any CPU
		{CD8E53D2-B177-494B-AE08-1CEEF98E43D7}.Release|Any CPU.ActiveCfg = Release|Any CPU
		{CD8E53D2-B177-494B-AE08-1CEEF98E43D7}.Release|Any CPU.Build.0 = Release|Any CPU
		{82ACFA99-05B6-4721-AB82-D7C8480B8944}.Debug|Any CPU.ActiveCfg = Debug|Any CPU
		{82ACFA99-05B6-4721-AB82-D7C8480B8944}.Debug|Any CPU.Build.0 = Debug|Any CPU
		{82ACFA99-05B6-4721-AB82-D7C8480B8944}.Release|Any CPU.ActiveCfg = Release|Any CPU
		{82ACFA99-05B6-4721-AB82-D7C8480B8944}.Release|Any CPU.Build.0 = Release|Any CPU
	EndGlobalSection
	GlobalSection(SolutionProperties) = preSolution
		HideSolutionNode = FALSE
	EndGlobalSection
	GlobalSection(ExtensibilityGlobals) = postSolution
		SolutionGuid = {42273DD9-CF64-4F8E-A578-D2BC48333E35}
	EndGlobalSection
EndGlobal
